
Microsoft Visual Studio Solution File, Format Version 12.00
# Visual Studio Version 17
VisualStudioVersion = 17.9.34622.214
MinimumVisualStudioVersion = 10.0.40219.1
Project("{FAE04EC0-301F-11D3-BF4B-00C04F79EFBC}") = "Mitawi", "Mitawi.csproj", "{665B5326-7DB5-4C53-8D2B-A45FAB1099D2}"
EndProject
Global
	GlobalSection(SolutionConfigurationPlatforms) = preSolution
		Debug|Any CPU = Debug|Any CPU
		Release|Any CPU = Release|Any CPU
	EndGlobalSection
	GlobalSection(ProjectConfigurationPlatforms) = postSolution
		{665B5326-7DB5-4C53-8D2B-A45FAB1099D2}.Debug|Any CPU.ActiveCfg = Debug|Any CPU
		{665B5326-7DB5-4C53-8D2B-A45FAB1099D2}.Debug|Any CPU.Build.0 = Debug|Any CPU
		{665B5326-7DB5-4C53-8D2B-A45FAB1099D2}.Debug|Any CPU.Deploy.0 = Debug|Any CPU
		{665B5326-7DB5-4C53-8D2B-A45FAB1099D2}.Release|Any CPU.ActiveCfg = Release|Any CPU
		{665B5326-7DB5-4C53-8D2B-A45FAB1099D2}.Release|Any CPU.Build.0 = Release|Any CPU
		{665B5326-7DB5-4C53-8D2B-A45FAB1099D2}.Release|Any CPU.Deploy.0 = Release|Any CPU
	EndGlobalSection
	GlobalSection(SolutionProperties) = preSolution
		HideSolutionNode = FALSE
	EndGlobalSection
	GlobalSection(ExtensibilityGlobals) = postSolution
		SolutionGuid = {9D32F61C-F186-4E2B-8239-5E17930B2F36}
	EndGlobalSection
EndGlobal
